
Microsoft Visual Studio Solution File, Format Version 12.00
# Visual Studio Version 17
VisualStudioVersion = 17.9.34723.18
MinimumVisualStudioVersion = 10.0.40219.1
Project("{FAE04EC0-301F-11D3-BF4B-00C04F79EFBC}") = "ARM_Policlinic_Operator", "ARM_Policlinic_Operator.csproj", "{B601F88F-FFE5-4DC4-BCF4-6C3B2B68480D}"
EndProject
Global
	GlobalSection(SolutionConfigurationPlatforms) = preSolution
		Debug|Any CPU = Debug|Any CPU
		Release|Any CPU = Release|Any CPU
	EndGlobalSection
	GlobalSection(ProjectConfigurationPlatforms) = postSolution
		{B601F88F-FFE5-4DC4-BCF4-6C3B2B68480D}.Debug|Any CPU.ActiveCfg = Debug|Any CPU
		{B601F88F-FFE5-4DC4-BCF4-6C3B2B68480D}.Debug|Any CPU.Build.0 = Debug|Any CPU
		{B601F88F-FFE5-4DC4-BCF4-6C3B2B68480D}.Release|Any CPU.ActiveCfg = Release|Any CPU
		{B601F88F-FFE5-4DC4-BCF4-6C3B2B68480D}.Release|Any CPU.Build.0 = Release|Any CPU
	EndGlobalSection
	GlobalSection(SolutionProperties) = preSolution
		HideSolutionNode = FALSE
	EndGlobalSection
	GlobalSection(ExtensibilityGlobals) = postSolution
		SolutionGuid = {326409E9-01EA-4218-B17C-9FDEE4464F70}
	EndGlobalSection
EndGlobal
